schema: '2.0'
stages:
  get_data:
    cmd: python scripts/data.py
    deps:
    - path: scripts/data.py
      hash: md5
      md5: 82d7cf6fdbeb8dbceb7a7f2aab2214a7
      size: 1886
    params:
      params.yaml:
        index_col: flat_id
    outs:
    - path: data/initial_data.csv
      hash: md5
      md5: 1c037ff17c125341722ea7937b070408
      size: 10005756
  fit_model:
    cmd: python scripts/fit.py
    deps:
    - path: data/initial_data.csv
      hash: md5
      md5: 1c037ff17c125341722ea7937b070408
      size: 10005756
    - path: scripts/fit.py
      hash: md5
      md5: b734a2ba3b12657b6501db486a6d84ba
      size: 1741
    params:
      params.yaml:
        index_col: flat_id
        max_iter: 4000
        one_hot_drop: if_binary
        target_col: target
    outs:
    - path: models/fitted_model.pkl
      hash: md5
      md5: 22b858c84c4db750b1e60a6194f31d4f
      size: 3405
  evaluate_model:
    cmd: python scripts/evaluate.py
    deps:
    - path: models/fitted_model.pkl
      hash: md5
      md5: 22b858c84c4db750b1e60a6194f31d4f
      size: 3405
    - path: scripts/evaluate.py
      hash: md5
      md5: 67a2720c363b9ec90f6806a0a1db61e1
      size: 993
    params:
      params.yaml:
        index_col: flat_id
        metrics:
        - neg_root_mean_squared_error
        - r2
        n_jobs: -1
        n_splits: 5
        random_state: 0
        shuffle: true
        target_col: target
    outs:
    - path: cv_results/cv_res.json
      hash: md5
      md5: 3df1a67043d220e10e47ebaa966a3bec
      size: 101
