schema: '2.0'
stages:
  get_data:
    cmd: python scripts/data.py
    deps:
    - path: scripts/data.py
      hash: md5
      md5: 50c53c62d88fdd10d36f02d9da32bf68
      size: 1112
    params:
      params.yaml:
        index_col: flat_id
    outs:
    - path: data/initial_data.csv
      hash: md5
      md5: 960bdf8da7192cb914253563fbb9eff3
      size: 9258172
      cloud:
        my_storage:
          etag: 960bdf8da7192cb914253563fbb9eff3
          version_id: 000613BAD64E2355
  fit_model:
    cmd: python scripts/fit.py
    deps:
    - path: data/initial_data.csv
      hash: md5
      md5: 960bdf8da7192cb914253563fbb9eff3
      size: 9258172
    - path: scripts/fit.py
      hash: md5
      md5: 8f1025e242eaaffe104329b38070180a
      size: 1753
    params:
      params.yaml:
        max_iter: 4000
        one_hot_drop: if_binary
        target_col: target
    outs:
    - path: models/fitted_model.pkl
      hash: md5
      md5: 92024b4738af641ac6511e6174fa4642
      size: 4509
      cloud:
        my_storage:
          etag: 92024b4738af641ac6511e6174fa4642
          version_id: 000613BAD64E9D1C
  evaluate_model:
    cmd: python scripts/evaluate.py
    deps:
    - path: models/fitted_model.pkl
      hash: md5
      md5: 92024b4738af641ac6511e6174fa4642
      size: 4509
    - path: scripts/evaluate.py
      hash: md5
      md5: 67a2720c363b9ec90f6806a0a1db61e1
      size: 993
    params:
      params.yaml:
        metrics: neg_root_mean_squared_error
        n_jobs: -1
        n_splits: 5
        random_state: 42
        shuffle: true
        target_col: target
    outs:
    - path: cv_results/cv_res.json
      hash: md5
      md5: 478a8f09b387be043d69ce23f4fa86e9
      size: 62
      cloud:
        my_storage:
          etag: 478a8f09b387be043d69ce23f4fa86e9
          version_id: 000613BAD64EF8CA
